// !$*UTF8*$!
{
	archiveVersion = 1;
	classes = {
	};
	objectVersion = 50;
	objects = {

/* Begin PBXBuildFile section */
		41361EC623F982B60036D7E3 /* Header.xib in Resources */ = {isa = PBXBuildFile; fileRef = 41361EC523F982B60036D7E3 /* Header.xib */; };
		413D86DB23F8ADAE00441982 /* AppDelegate.swift in Sources */ = {isa = PBXBuildFile; fileRef = 413D86DA23F8ADAE00441982 /* AppDelegate.swift */; };
		413D86DD23F8ADAE00441982 /* SceneDelegate.swift in Sources */ = {isa = PBXBuildFile; fileRef = 413D86DC23F8ADAE00441982 /* SceneDelegate.swift */; };
		413D86DF23F8ADAE00441982 /* ViewController.swift in Sources */ = {isa = PBXBuildFile; fileRef = 413D86DE23F8ADAE00441982 /* ViewController.swift */; };
		413D86E223F8ADAE00441982 /* Main.storyboard in Resources */ = {isa = PBXBuildFile; fileRef = 413D86E023F8ADAE00441982 /* Main.storyboard */; };
		413D86E423F8ADB400441982 /* Assets.xcassets in Resources */ = {isa = PBXBuildFile; fileRef = 413D86E323F8ADB400441982 /* Assets.xcassets */; };
		413D86E723F8ADB400441982 /* LaunchScreen.storyboard in Resources */ = {isa = PBXBuildFile; fileRef = 413D86E523F8ADB400441982 /* LaunchScreen.storyboard */; };
/* End PBXBuildFile section */

/* Begin PBXFileReference section */
		41361EC523F982B60036D7E3 /* Header.xib */ = {isa = PBXFileReference; lastKnownFileType = file.xib; path = Header.xib; sourceTree = "<group>"; };
		413D86D723F8ADAD00441982 /* TinderFun.app */ = {isa = PBXFileReference; explicitFileType = wrapper.application; includeInIndex = 0; path = TinderFun.app; sourceTree = BUILT_PRODUCTS_DIR; };
		413D86DA23F8ADAE00441982 /* AppDelegate.swift */ = {isa = PBXFileReference; lastKnownFileType = sourcecode.swift; path = AppDelegate.swift; sourceTree = "<group>"; };
		413D86DC23F8ADAE00441982 /* SceneDelegate.swift */ = {isa = PBXFileReference; lastKnownFileType = sourcecode.swift; path = SceneDelegate.swift; sourceTree = "<group>"; };
		413D86DE23F8ADAE00441982 /* ViewController.swift */ = {isa = PBXFileReference; lastKnownFileType = sourcecode.swift; path = ViewController.swift; sourceTree = "<group>"; };
		413D86E123F8ADAE00441982 /* Base */ = {isa = PBXFileReference; lastKnownFileType = file.storyboard; name = Base; path = Base.lproj/Main.storyboard; sourceTree = "<group>"; };
		413D86E323F8ADB400441982 /* Assets.xcassets */ = {isa = PBXFileReference; lastKnownFileType = folder.assetcatalog; path = Assets.xcassets; sourceTree = "<group>"; };
		413D86E623F8ADB400441982 /* Base */ = {isa = PBXFileReference; lastKnownFileType = file.storyboard; name = Base; path = Base.lproj/LaunchScreen.storyboard; sourceTree = "<group>"; };
		413D86E823F8ADB400441982 /* Info.plist */ = {isa = PBXFileReference; lastKnownFileType = text.plist.xml; path = Info.plist; sourceTree = "<group>"; };
/* End PBXFileReference section */

/* Begin PBXFrameworksBuildPhase section */
		413D86D423F8ADAD00441982 /* Frameworks */ = {
			isa = PBXFrameworksBuildPhase;
			buildActionMask = 2147483647;
			files = (
			);
			runOnlyForDeploymentPostprocessing = 0;
		};
/* End PBXFrameworksBuildPhase section */

/* Begin PBXGroup section */
		413D86CE23F8ADAD00441982 = {
			isa = PBXGroup;
			children = (
				413D86D923F8ADAD00441982 /* TinderFun */,
				413D86D823F8ADAD00441982 /* Products */,
			);
			sourceTree = "<group>";
		};
		413D86D823F8ADAD00441982 /* Products */ = {
			isa = PBXGroup;
			children = (
				413D86D723F8ADAD00441982 /* TinderFun.app */,
			);
			name = Products;
			sourceTree = "<group>";
		};
		413D86D923F8ADAD00441982 /* TinderFun */ = {
			isa = PBXGroup;
			children = (
				413D86DA23F8ADAE00441982 /* AppDelegate.swift */,
				413D86DC23F8ADAE00441982 /* SceneDelegate.swift */,
				413D86DE23F8ADAE00441982 /* ViewController.swift */,
				41361EC523F982B60036D7E3 /* Header.xib */,
				413D86E023F8ADAE00441982 /* Main.storyboard */,
				413D86E323F8ADB400441982 /* Assets.xcassets */,
				413D86E523F8ADB400441982 /* LaunchScreen.storyboard */,
				413D86E823F8ADB400441982 /* Info.plist */,
			);
			path = TinderFun;
			sourceTree = "<group>";
		};
/* End PBXGroup section */

/* Begin PBXNativeTarget section */
		413D86D623F8ADAD00441982 /* TinderFun */ = {
			isa = PBXNativeTarget;
			buildConfigurationList = 413D86EB23F8ADB400441982 /* Build configuration list for PBXNativeTarget "TinderFun" */;
			buildPhases = (
				413D86D323F8ADAD00441982 /* Sources */,
				413D86D423F8ADAD00441982 /* Frameworks */,
				413D86D523F8ADAD00441982 /* Resources */,
			);
			buildRules = (
			);
			dependencies = (
			);
			name = TinderFun;
			productName = TinderFun;
			productReference = 413D86D723F8ADAD00441982 /* TinderFun.app */;
			productType = "com.apple.product-type.application";
		};
/* End PBXNativeTarget section */

/* Begin PBXProject section */
		413D86CF23F8ADAD00441982 /* Project object */ = {
			isa = PBXProject;
			attributes = {
				LastSwiftUpdateCheck = 1130;
				LastUpgradeCheck = 1130;
				ORGANIZATIONNAME = "Thomas Cowern New";
				TargetAttributes = {
					413D86D623F8ADAD00441982 = {
						CreatedOnToolsVersion = 11.3.1;
					};
				};
			};
			buildConfigurationList = 413D86D223F8ADAD00441982 /* Build configuration list for PBXProject "TinderFun" */;
			compatibilityVersion = "Xcode 9.3";
			developmentRegion = en;
			hasScannedForEncodings = 0;
			knownRegions = (
				en,
				Base,
			);
			mainGroup = 413D86CE23F8ADAD00441982;
			productRefGroup = 413D86D823F8ADAD00441982 /* Products */;
			projectDirPath = "";
			projectRoot = "";
			targets = (
				413D86D623F8ADAD00441982 /* TinderFun */,
			);
		};
/* End PBXProject section */

/* Begin PBXResourcesBuildPhase section */
		413D86D523F8ADAD00441982 /* Resources */ = {
			isa = PBXResourcesBuildPhase;
			buildActionMask = 2147483647;
			files = (
				413D86E723F8ADB400441982 /* LaunchScreen.storyboard in Resources */,
				413D86E423F8ADB400441982 /* Assets.xcassets in Resources */,
				413D86E223F8ADAE00441982 /* Main.storyboard in Resources */,
				41361EC623F982B60036D7E3 /* Header.xib in Resources */,
			);
			runOnlyForDeploymentPostprocessing = 0;
		};
/* End PBXResourcesBuildPhase section */

/* Begin PBXSourcesBuildPhase section */
		413D86D323F8ADAD00441982 /* Sources */ = {
			isa = PBXSourcesBuildPhase;
			buildActionMask = 2147483647;
			files = (
				413D86DF23F8ADAE00441982 /* ViewController.swift in Sources */,
				413D86DB23F8ADAE00441982 /* AppDelegate.swift in Sources */,
				413D86DD23F8ADAE00441982 /* SceneDelegate.swift in Sources */,
			);
			runOnlyForDeploymentPostprocessing = 0;
		};
/* End PBXSourcesBuildPhase section */

/* Begin PBXVariantGroup section */
		413D86E023F8ADAE00441982 /* Main.storyboard */ = {
			isa = PBXVariantGroup;
			children = (
				413D86E123F8ADAE00441982 /* Base */,
			);
			name = Main.storyboard;
			sourceTree = "<group>";
		};
		413D86E523F8ADB400441982 /* LaunchScreen.storyboard */ = {
			isa = PBXVariantGroup;
			children = (
				413D86E623F8ADB400441982 /* Base */,
			);
			name = LaunchScreen.storyboard;
			sourceTree = "<group>";
		};
/* End PBXVariantGroup section */

/* Begin XCBuildConfiguration section */
		413D86E923F8ADB400441982 /* Debug */ = {
			isa = XCBuildConfiguration;
			buildSettings = {
				ALWAYS_SEARCH_USER_PATHS = NO;
				CLANG_ANALYZER_NONNULL = YES;
				CLANG_ANALYZER_NUMBER_OBJECT_CONVERSION = YES_AGGRESSIVE;
				CLANG_CXX_LANGUAGE_STANDARD = "gnu++14";
				CLANG_CXX_LIBRARY = "libc++";
				CLANG_ENABLE_MODULES = YES;
				CLANG_ENABLE_OBJC_ARC = YES;
				CLANG_ENABLE_OBJC_WEAK = YES;
				CLANG_WARN_BLOCK_CAPTURE_AUTORELEASING = YES;
				CLANG_WARN_BOOL_CONVERSION = YES;
				CLANG_WARN_COMMA = YES;
				CLANG_WARN_CONSTANT_CONVERSION = YES;
				CLANG_WARN_DEPRECATED_OBJC_IMPLEMENTATIONS = YES;
				CLANG_WARN_DIRECT_OBJC_ISA_USAGE = YES_ERROR;
				CLANG_WARN_DOCUMENTATION_COMMENTS = YES;
				CLANG_WARN_EMPTY_BODY = YES;
				CLANG_WARN_ENUM_CONVERSION = YES;
				CLANG_WARN_INFINITE_RECURSION = YES;
				CLANG_WARN_INT_CONVERSION = YES;
				CLANG_WARN_NON_LITERAL_NULL_CONVERSION = YES;
				CLANG_WARN_OBJC_IMPLICIT_RETAIN_SELF = YES;
				CLANG_WARN_OBJC_LITERAL_CONVERSION = YES;
				CLANG_WARN_OBJC_ROOT_CLASS = YES_ERROR;
				CLANG_WARN_RANGE_LOOP_ANALYSIS = YES;
				CLANG_WARN_STRICT_PROTOTYPES = YES;
				CLANG_WARN_SUSPICIOUS_MOVE = YES;
				CLANG_WARN_UNGUARDED_AVAILABILITY = YES_AGGRESSIVE;
				CLANG_WARN_UNREACHABLE_CODE = YES;
				CLANG_WARN__DUPLICATE_METHOD_MATCH = YES;
				COPY_PHASE_STRIP = NO;
				DEBUG_INFORMATION_FORMAT = dwarf;
				ENABLE_STRICT_OBJC_MSGSEND = YES;
				ENABLE_TESTABILITY = YES;
				GCC_C_LANGUAGE_STANDARD = gnu11;
				GCC_DYNAMIC_NO_PIC = NO;
				GCC_NO_COMMON_BLOCKS = YES;
				GCC_OPTIMIZATION_LEVEL = 0;
				GCC_PREPROCESSOR_DEFINITIONS = (
					"DEBUG=1",
					"$(inherited)",
				);
				GCC_WARN_64_TO_32_BIT_CONVERSION = YES;
				GCC_WARN_ABOUT_RETURN_TYPE = YES_ERROR;
				GCC_WARN_UNDECLARED_SELECTOR = YES;
				GCC_WARN_UNINITIALIZED_AUTOS = YES_AGGRESSIVE;
				GCC_WARN_UNUSED_FUNCTION = YES;
				GCC_WARN_UNUSED_VARIABLE = YES;
				IPHONEOS_DEPLOYMENT_TARGET = 13.2;
				MTL_ENABLE_DEBUG_INFO = INCLUDE_SOURCE;
				MTL_FAST_MATH = YES;
				ONLY_ACTIVE_ARCH = YES;
				SDKROOT = iphoneos;
				SWIFT_ACTIVE_COMPILATION_CONDITIONS = DEBUG;
				SWIFT_OPTIMIZATION_LEVEL = "-Onone";
			};
			name = Debug;
		};
		413D86EA23F8ADB400441982 /* Release */ = {
			isa = XCBuildConfiguration;
			buildSettings = {
				ALWAYS_SEARCH_USER_PATHS = NO;
				CLANG_ANALYZER_NONNULL = YES;
				CLANG_ANALYZER_NUMBER_OBJECT_CONVERSION = YES_AGGRESSIVE;
				CLANG_CXX_LANGUAGE_STANDARD = "gnu++14";
				CLANG_CXX_LIBRARY = "libc++";
				CLANG_ENABLE_MODULES = YES;
				CLANG_ENABLE_OBJC_ARC = YES;
				CLANG_ENABLE_OBJC_WEAK = YES;
				CLANG_WARN_BLOCK_CAPTURE_AUTORELEASING = YES;
				CLANG_WARN_BOOL_CONVERSION = YES;
				CLANG_WARN_COMMA = YES;
				CLANG_WARN_CONSTANT_CONVERSION = YES;
				CLANG_WARN_DEPRECATED_OBJC_IMPLEMENTATIONS = YES;
				CLANG_WARN_DIRECT_OBJC_ISA_USAGE = YES_ERROR;
				CLANG_WARN_DOCUMENTATION_COMMENTS = YES;
				CLANG_WARN_EMPTY_BODY = YES;
				CLANG_WARN_ENUM_CONVERSION = YES;
				CLANG_WARN_INFINITE_RECURSION = YES;
				CLANG_WARN_INT_CONVERSION = YES;
				CLANG_WARN_NON_LITERAL_NULL_CONVERSION = YES;
				CLANG_WARN_OBJC_IMPLICIT_RETAIN_SELF = YES;
				CLANG_WARN_OBJC_LITERAL_CONVERSION = YES;
				CLANG_WARN_OBJC_ROOT_CLASS = YES_ERROR;
				CLANG_WARN_RANGE_LOOP_ANALYSIS = YES;
				CLANG_WARN_STRICT_PROTOTYPES = YES;
				CLANG_WARN_SUSPICIOUS_MOVE = YES;
				CLANG_WARN_UNGUARDED_AVAILABILITY = YES_AGGRESSIVE;
				CLANG_WARN_UNREACHABLE_CODE = YES;
				CLANG_WARN__DUPLICATE_METHOD_MATCH = YES;
				COPY_PHASE_STRIP = NO;
				DEBUG_INFORMATION_FORMAT = "dwarf-with-dsym";
				ENABLE_NS_ASSERTIONS = NO;
				ENABLE_STRICT_OBJC_MSGSEND = YES;
				GCC_C_LANGUAGE_STANDARD = gnu11;
				GCC_NO_COMMON_BLOCKS = YES;
				GCC_WARN_64_TO_32_BIT_CONVERSION = YES;
				GCC_WARN_ABOUT_RETURN_TYPE = YES_ERROR;
				GCC_WARN_UNDECLARED_SELECTOR = YES;
				GCC_WARN_UNINITIALIZED_AUTOS = YES_AGGRESSIVE;
				GCC_WARN_UNUSED_FUNCTION = YES;
				GCC_WARN_UNUSED_VARIABLE = YES;
				IPHONEOS_DEPLOYMENT_TARGET = 13.2;
				MTL_ENABLE_DEBUG_INFO = NO;
				MTL_FAST_MATH = YES;
				SDKROOT = iphoneos;
				SWIFT_COMPILATION_MODE = wholemodule;
				SWIFT_OPTIMIZATION_LEVEL = "-O";
				VALIDATE_PRODUCT = YES;
			};
			name = Release;
		};
		413D86EC23F8ADB400441982 /* Debug */ = {
			isa = XCBuildConfiguration;
			buildSettings = {
				ASSETCATALOG_COMPILER_APPICON_NAME = AppIcon;
				CODE_SIGN_STYLE = Automatic;
				DEVELOPMENT_TEAM = 56F54J4H3N;
				INFOPLIST_FILE = TinderFun/Info.plist;
				LD_RUNPATH_SEARCH_PATHS = (
					"$(inherited)",
					"@executable_path/Frameworks",
				);
				PRODUCT_BUNDLE_IDENTIFIER = MobileSoftwareServices.TinderFun;
				PRODUCT_NAME = "$(TARGET_NAME)";
				SWIFT_VERSION = 5.0;
				TARGETED_DEVICE_FAMILY = "1,2";
			};
			name = Debug;
		};
		413D86ED23F8ADB400441982 /* Release */ = {
			isa = XCBuildConfiguration;
			buildSettings = {
				ASSETCATALOG_COMPILER_APPICON_NAME = AppIcon;
				CODE_SIGN_STYLE = Automatic;
				DEVELOPMENT_TEAM = 56F54J4H3N;
				INFOPLIST_FILE = TinderFun/Info.plist;
				LD_RUNPATH_SEARCH_PATHS = (
					"$(inherited)",
					"@executable_path/Frameworks",
				);
				PRODUCT_BUNDLE_IDENTIFIER = MobileSoftwareServices.TinderFun;
				PRODUCT_NAME = "$(TARGET_NAME)";
				SWIFT_VERSION = 5.0;
				TARGETED_DEVICE_FAMILY = "1,2";
			};
			name = Release;
		};
/* End XCBuildConfiguration section */

/* Begin XCConfigurationList section */
		413D86D223F8ADAD00441982 /* Build configuration list for PBXProject "TinderFun" */ = {
			isa = XCConfigurationList;
			buildConfigurations = (
				413D86E923F8ADB400441982 /* Debug */,
				413D86EA23F8ADB400441982 /* Release */,
			);
			defaultConfigurationIsVisible = 0;
			defaultConfigurationName = Release;
		};
		413D86EB23F8ADB400441982 /* Build configuration list for PBXNativeTarget "TinderFun" */ = {
			isa = XCConfigurationList;
			buildConfigurations = (
				413D86EC23F8ADB400441982 /* Debug */,
				413D86ED23F8ADB400441982 /* Release */,
			);
			defaultConfigurationIsVisible = 0;
			defaultConfigurationName = Release;
		};
/* End XCConfigurationList section */
	};
	rootObject = 413D86CF23F8ADAD00441982 /* Project object */;
}
